
Microsoft Visual Studio Solution File, Format Version 12.00
# Visual Studio Version 17
VisualStudioVersion = 17.6.33829.357
MinimumVisualStudioVersion = 10.0.40219.1
Project("{2150E333-8FDC-42A3-9474-1A3956D46DE8}") = "Core", "Core", "{8A321CE5-AF0D-4ABD-9C63-2CF317390180}"
EndProject
Project("{2150E333-8FDC-42A3-9474-1A3956D46DE8}") = "Infrastructure", "Infrastructure", "{E3D03D74-8D7F-4467-8BD0-5DBBA3DE997F}"
EndProject
Project("{2150E333-8FDC-42A3-9474-1A3956D46DE8}") = "Presentation", "Presentation", "{D7634DFD-7B05-4853-B02D-BE2787AD7B30}"
EndProject
Project("{2150E333-8FDC-42A3-9474-1A3956D46DE8}") = "Test", "Test", "{BCD5EC8E-B66B-4C41-A2B6-2D0333F2951F}"
EndProject
Project("{FAE04EC0-301F-11D3-BF4B-00C04F79EFBC}") = "Notes.Domain", "Notes.Domain\Notes.Domain.csproj", "{EDF5F14F-60D6-4FB7-8E78-01D0C00242E8}"
EndProject
Project("{FAE04EC0-301F-11D3-BF4B-00C04F79EFBC}") = "Notes.Application", "Notes.Application\Notes.Application.csproj", "{0E3C246E-6357-449A-9F9E-88D1263B8B6D}"
EndProject
Project("{FAE04EC0-301F-11D3-BF4B-00C04F79EFBC}") = "Notes.Persistence", "Notes.Persistence\Notes.Persistence.csproj", "{1396283B-E1BF-4132-9F0C-1F7CC73327BD}"
EndProject
Project("{FAE04EC0-301F-11D3-BF4B-00C04F79EFBC}") = "Notes.WebApi", "Notes.WebApi\Notes.WebApi.csproj", "{6B0DCB38-0C00-4048-9C56-D6A893255DA7}"
EndProject
Global
	GlobalSection(SolutionConfigurationPlatforms) = preSolution
		Debug|Any CPU = Debug|Any CPU
		Release|Any CPU = Release|Any CPU
	EndGlobalSection
	GlobalSection(ProjectConfigurationPlatforms) = postSolution
		{EDF5F14F-60D6-4FB7-8E78-01D0C00242E8}.Debug|Any CPU.ActiveCfg = Debug|Any CPU
		{EDF5F14F-60D6-4FB7-8E78-01D0C00242E8}.Debug|Any CPU.Build.0 = Debug|Any CPU
		{EDF5F14F-60D6-4FB7-8E78-01D0C00242E8}.Release|Any CPU.ActiveCfg = Release|Any CPU
		{EDF5F14F-60D6-4FB7-8E78-01D0C00242E8}.Release|Any CPU.Build.0 = Release|Any CPU
		{0E3C246E-6357-449A-9F9E-88D1263B8B6D}.Debug|Any CPU.ActiveCfg = Debug|Any CPU
		{0E3C246E-6357-449A-9F9E-88D1263B8B6D}.Debug|Any CPU.Build.0 = Debug|Any CPU
		{0E3C246E-6357-449A-9F9E-88D1263B8B6D}.Release|Any CPU.ActiveCfg = Release|Any CPU
		{0E3C246E-6357-449A-9F9E-88D1263B8B6D}.Release|Any CPU.Build.0 = Release|Any CPU
		{1396283B-E1BF-4132-9F0C-1F7CC73327BD}.Debug|Any CPU.ActiveCfg = Debug|Any CPU
		{1396283B-E1BF-4132-9F0C-1F7CC73327BD}.Debug|Any CPU.Build.0 = Debug|Any CPU
		{1396283B-E1BF-4132-9F0C-1F7CC73327BD}.Release|Any CPU.ActiveCfg = Release|Any CPU
		{1396283B-E1BF-4132-9F0C-1F7CC73327BD}.Release|Any CPU.Build.0 = Release|Any CPU
		{6B0DCB38-0C00-4048-9C56-D6A893255DA7}.Debug|Any CPU.ActiveCfg = Debug|Any CPU
		{6B0DCB38-0C00-4048-9C56-D6A893255DA7}.Debug|Any CPU.Build.0 = Debug|Any CPU
		{6B0DCB38-0C00-4048-9C56-D6A893255DA7}.Release|Any CPU.ActiveCfg = Release|Any CPU
		{6B0DCB38-0C00-4048-9C56-D6A893255DA7}.Release|Any CPU.Build.0 = Release|Any CPU
	EndGlobalSection
	GlobalSection(SolutionProperties) = preSolution
		HideSolutionNode = FALSE
	EndGlobalSection
	GlobalSection(NestedProjects) = preSolution
		{EDF5F14F-60D6-4FB7-8E78-01D0C00242E8} = {8A321CE5-AF0D-4ABD-9C63-2CF317390180}
		{0E3C246E-6357-449A-9F9E-88D1263B8B6D} = {8A321CE5-AF0D-4ABD-9C63-2CF317390180}
		{1396283B-E1BF-4132-9F0C-1F7CC73327BD} = {E3D03D74-8D7F-4467-8BD0-5DBBA3DE997F}
		{6B0DCB38-0C00-4048-9C56-D6A893255DA7} = {D7634DFD-7B05-4853-B02D-BE2787AD7B30}
	EndGlobalSection
	GlobalSection(ExtensibilityGlobals) = postSolution
		SolutionGuid = {8683B7F4-C6A0-42C8-8777-95C12BD414E6}
	EndGlobalSection
EndGlobal
